
Microsoft Visual Studio Solution File, Format Version 12.00
# Visual Studio Version 16
VisualStudioVersion = 16.0.31515.178
MinimumVisualStudioVersion = 10.0.40219.1
Project("{FAE04EC0-301F-11D3-BF4B-00C04F79EFBC}") = "Prueba BanReservas", "Prueba BanReservas\Prueba BanReservas.csproj", "{AE426946-A4CE-4175-8421-B4D14BB69CBE}"
EndProject
Global
	GlobalSection(SolutionConfigurationPlatforms) = preSolution
		Debug|Any CPU = Debug|Any CPU
		Release|Any CPU = Release|Any CPU
	EndGlobalSection
	GlobalSection(ProjectConfigurationPlatforms) = postSolution
		{AE426946-A4CE-4175-8421-B4D14BB69CBE}.Debug|Any CPU.ActiveCfg = Debug|Any CPU
		{AE426946-A4CE-4175-8421-B4D14BB69CBE}.Debug|Any CPU.Build.0 = Debug|Any CPU
		{AE426946-A4CE-4175-8421-B4D14BB69CBE}.Release|Any CPU.ActiveCfg = Release|Any CPU
		{AE426946-A4CE-4175-8421-B4D14BB69CBE}.Release|Any CPU.Build.0 = Release|Any CPU
	EndGlobalSection
	GlobalSection(SolutionProperties) = preSolution
		HideSolutionNode = FALSE
	EndGlobalSection
	GlobalSection(ExtensibilityGlobals) = postSolution
		SolutionGuid = {B475C11E-B0AF-4D27-B104-4384878CBD43}
	EndGlobalSection
EndGlobal
